
Microsoft Visual Studio Solution File, Format Version 12.00
# Visual Studio Version 17
VisualStudioVersion = 17.9.34728.123
MinimumVisualStudioVersion = 10.0.40219.1
Project("{FAE04EC0-301F-11D3-BF4B-00C04F79EFBC}") = "Лаба 2(перероб)", "Лаба 2(перероб)\Лаба 2(перероб).csproj", "{9A348A1D-33CE-4FCA-876C-965887F40DBF}"
EndProject
Global
	GlobalSection(SolutionConfigurationPlatforms) = preSolution
		Debug|Any CPU = Debug|Any CPU
		Release|Any CPU = Release|Any CPU
	EndGlobalSection
	GlobalSection(ProjectConfigurationPlatforms) = postSolution
		{9A348A1D-33CE-4FCA-876C-965887F40DBF}.Debug|Any CPU.ActiveCfg = Debug|Any CPU
		{9A348A1D-33CE-4FCA-876C-965887F40DBF}.Debug|Any CPU.Build.0 = Debug|Any CPU
		{9A348A1D-33CE-4FCA-876C-965887F40DBF}.Release|Any CPU.ActiveCfg = Release|Any CPU
		{9A348A1D-33CE-4FCA-876C-965887F40DBF}.Release|Any CPU.Build.0 = Release|Any CPU
	EndGlobalSection
	GlobalSection(SolutionProperties) = preSolution
		HideSolutionNode = FALSE
	EndGlobalSection
	GlobalSection(ExtensibilityGlobals) = postSolution
		SolutionGuid = {30512748-2282-4E33-921D-860146BA2193}
	EndGlobalSection
EndGlobal
